
Microsoft Visual Studio Solution File, Format Version 12.00
# Visual Studio Version 17
VisualStudioVersion = 17.13.35507.96
MinimumVisualStudioVersion = 10.0.40219.1
Project("{FAE04EC0-301F-11D3-BF4B-00C04F79EFBC}") = "BlazorApp7", "BlazorApp7\BlazorApp7\BlazorApp7.csproj", "{67DB4A0E-4C14-389E-734B-58D0297234D2}"
EndProject
Project("{FAE04EC0-301F-11D3-BF4B-00C04F79EFBC}") = "BlazorApp7.Client", "BlazorApp7\BlazorApp7.Client\BlazorApp7.Client.csproj", "{2B1864B6-26BC-3993-2B75-441F9C30A779}"
EndProject
Project("{FAE04EC0-301F-11D3-BF4B-00C04F79EFBC}") = "BlazorApp7.AppHost", "BlazorApp7.AppHost\BlazorApp7.AppHost.csproj", "{85017A8E-E33F-44B7-96C6-7A61F4B0A607}"
EndProject
Project("{FAE04EC0-301F-11D3-BF4B-00C04F79EFBC}") = "BlazorApp7.GMS", "BlazorApp7.GMS\BlazorApp7.GMS.csproj", "{EA7685DA-B882-46DC-8FCE-8D4E67E16DE7}"
EndProject
Project("{FAE04EC0-301F-11D3-BF4B-00C04F79EFBC}") = "BlazorApp7.Components", "BlazorApp7.Components\BlazorApp7.Components.csproj", "{414F4A35-F941-4A34-A034-E8CAC56C25B4}"
EndProject
Project("{FAE04EC0-301F-11D3-BF4B-00C04F79EFBC}") = "BlazorApp7.ServiceDefaults", "BlazorApp7.ServiceDefaults\BlazorApp7.ServiceDefaults.csproj", "{CCC2AA2F-BB2C-42E2-2B5E-DDF2351CB355}"
EndProject
Project("{2150E333-8FDC-42A3-9474-1A3956D46DE8}") = "Web", "Web", "{02EA681E-C7D8-13C7-8484-4AC65E1B71E8}"
EndProject
Project("{2150E333-8FDC-42A3-9474-1A3956D46DE8}") = "Host", "Host", "{02EA681E-C7D8-13C7-8484-4AC65E1B71E8}"
EndProject
Project("{2150E333-8FDC-42A3-9474-1A3956D46DE8}") = "Libs", "Libs", "{02EA681E-C7D8-13C7-8484-4AC65E1B71E8}"
EndProject
Global
	GlobalSection(SolutionConfigurationPlatforms) = preSolution
		Debug|Any CPU = Debug|Any CPU
		Release|Any CPU = Release|Any CPU
	EndGlobalSection
	GlobalSection(ProjectConfigurationPlatforms) = postSolution
		{67DB4A0E-4C14-389E-734B-58D0297234D2}.Debug|Any CPU.ActiveCfg = Debug|Any CPU
		{67DB4A0E-4C14-389E-734B-58D0297234D2}.Debug|Any CPU.Build.0 = Debug|Any CPU
		{67DB4A0E-4C14-389E-734B-58D0297234D2}.Release|Any CPU.ActiveCfg = Release|Any CPU
		{67DB4A0E-4C14-389E-734B-58D0297234D2}.Release|Any CPU.Build.0 = Release|Any CPU
		{2B1864B6-26BC-3993-2B75-441F9C30A779}.Debug|Any CPU.ActiveCfg = Debug|Any CPU
		{2B1864B6-26BC-3993-2B75-441F9C30A779}.Debug|Any CPU.Build.0 = Debug|Any CPU
		{2B1864B6-26BC-3993-2B75-441F9C30A779}.Release|Any CPU.ActiveCfg = Release|Any CPU
		{2B1864B6-26BC-3993-2B75-441F9C30A779}.Release|Any CPU.Build.0 = Release|Any CPU
		{85017A8E-E33F-44B7-96C6-7A61F4B0A607}.Debug|Any CPU.ActiveCfg = Debug|Any CPU
		{85017A8E-E33F-44B7-96C6-7A61F4B0A607}.Debug|Any CPU.Build.0 = Debug|Any CPU
		{85017A8E-E33F-44B7-96C6-7A61F4B0A607}.Release|Any CPU.ActiveCfg = Release|Any CPU
		{85017A8E-E33F-44B7-96C6-7A61F4B0A607}.Release|Any CPU.Build.0 = Release|Any CPU
		{EA7685DA-B882-46DC-8FCE-8D4E67E16DE7}.Debug|Any CPU.ActiveCfg = Debug|Any CPU
		{EA7685DA-B882-46DC-8FCE-8D4E67E16DE7}.Debug|Any CPU.Build.0 = Debug|Any CPU
		{EA7685DA-B882-46DC-8FCE-8D4E67E16DE7}.Release|Any CPU.ActiveCfg = Release|Any CPU
		{EA7685DA-B882-46DC-8FCE-8D4E67E16DE7}.Release|Any CPU.Build.0 = Release|Any CPU
		{414F4A35-F941-4A34-A034-E8CAC56C25B4}.Debug|Any CPU.ActiveCfg = Debug|Any CPU
		{414F4A35-F941-4A34-A034-E8CAC56C25B4}.Debug|Any CPU.Build.0 = Debug|Any CPU
		{414F4A35-F941-4A34-A034-E8CAC56C25B4}.Release|Any CPU.ActiveCfg = Release|Any CPU
		{414F4A35-F941-4A34-A034-E8CAC56C25B4}.Release|Any CPU.Build.0 = Release|Any CPU
		{CCC2AA2F-BB2C-42E2-2B5E-DDF2351CB355}.Debug|Any CPU.ActiveCfg = Debug|Any CPU
		{CCC2AA2F-BB2C-42E2-2B5E-DDF2351CB355}.Debug|Any CPU.Build.0 = Debug|Any CPU
		{CCC2AA2F-BB2C-42E2-2B5E-DDF2351CB355}.Release|Any CPU.ActiveCfg = Release|Any CPU
		{CCC2AA2F-BB2C-42E2-2B5E-DDF2351CB355}.Release|Any CPU.Build.0 = Release|Any CPU
	EndGlobalSection
	GlobalSection(SolutionProperties) = preSolution
		HideSolutionNode = FALSE
	EndGlobalSection
	GlobalSection(NestedProjects) = preSolution
		{67DB4A0E-4C14-389E-734B-58D0297234D2} = {02EA681E-C7D8-13C7-8484-4AC65E1B71E8}
		{2B1864B6-26BC-3993-2B75-441F9C30A779} = {02EA681E-C7D8-13C7-8484-4AC65E1B71E8}
		{85017A8E-E33F-44B7-96C6-7A61F4B0A607} = {02EA681E-C7D8-13C7-8484-4AC65E1B71E8}
		{EA7685DA-B882-46DC-8FCE-8D4E67E16DE7} = {02EA681E-C7D8-13C7-8484-4AC65E1B71E8}
		{414F4A35-F941-4A34-A034-E8CAC56C25B4} = {02EA681E-C7D8-13C7-8484-4AC65E1B71E8}
		{CCC2AA2F-BB2C-42E2-2B5E-DDF2351CB355} = {02EA681E-C7D8-13C7-8484-4AC65E1B71E8}
	EndGlobalSection
	GlobalSection(ExtensibilityGlobals) = postSolution
		SolutionGuid = {673F537B-C986-4387-92D5-614DABC7F9E8}
	EndGlobalSection
EndGlobal
