
Microsoft Visual Studio Solution File, Format Version 12.00
# Visual Studio Version 17
VisualStudioVersion = 17.13.35507.96
MinimumVisualStudioVersion = 10.0.40219.1
Project("{2150E333-8FDC-42A3-9474-1A3956D46DE8}") = "Solution Items", "Solution Items", "{6568414A-8347-464B-BC1F-477D06A74083}"
	ProjectSection(SolutionItems) = preProject
		.dockerignore = .dockerignore
		.gitignore = .gitignore
		Directory.Build.props = Directory.Build.props
		global.json = global.json
		LICENSE = LICENSE
		NuGet.Config = NuGet.Config
		README.md = README.md
	EndProjectSection
EndProject
Project("{2150E333-8FDC-42A3-9474-1A3956D46DE8}") = "src", "src", "{02EA681E-C7D8-13C7-8484-4AC65E1B71E8}"
	ProjectSection(SolutionItems) = preProject
		src\Directory.Build.props = src\Directory.Build.props
	EndProjectSection
EndProject
Project("{2150E333-8FDC-42A3-9474-1A3956D46DE8}") = "BuildingBlocks", "BuildingBlocks", "{7929D09C-F1DE-496B-B00F-28449D8A0A57}"
	ProjectSection(SolutionItems) = preProject
		src\BuildingBlocks\Directory.Build.props = src\BuildingBlocks\Directory.Build.props
	EndProjectSection
EndProject
Project("{FAE04EC0-301F-11D3-BF4B-00C04F79EFBC}") = "BuildingBlocks.CrossCuttingConcerns", "src\BuildingBlocks\BuildingBlocks.CrossCuttingConcerns\BuildingBlocks.CrossCuttingConcerns.csproj", "{49A2FA1A-06D7-CA44-AA2F-C8F6B3547E6A}"
EndProject
Project("{FAE04EC0-301F-11D3-BF4B-00C04F79EFBC}") = "BuildingBlocks.Domain", "src\BuildingBlocks\BuildingBlocks.Domain\BuildingBlocks.Domain.csproj", "{19FA082D-3B71-C5EE-E182-8780B7358D89}"
EndProject
Project("{FAE04EC0-301F-11D3-BF4B-00C04F79EFBC}") = "BuildingBlocks.Application", "src\BuildingBlocks\BuildingBlocks.Application\BuildingBlocks.Application.csproj", "{565AC163-7996-2370-4167-1518AE85BF1E}"
EndProject
Project("{FAE04EC0-301F-11D3-BF4B-00C04F79EFBC}") = "BuildingBlocks.Infrastructure", "src\BuildingBlocks\BuildingBlocks.Infrastructure\BuildingBlocks.Infrastructure.csproj", "{7B528784-93FE-87D5-E10C-6C5988DC14B1}"
EndProject
Project("{2150E333-8FDC-42A3-9474-1A3956D46DE8}") = "Aspire", "Aspire", "{27D8332C-8CD9-4CCD-B037-85942563E3B6}"
	ProjectSection(SolutionItems) = preProject
		src\Aspire\Directory.Build.props = src\Aspire\Directory.Build.props
	EndProjectSection
EndProject
Project("{FAE04EC0-301F-11D3-BF4B-00C04F79EFBC}") = "BuildingBlocks.UIComponents", "src\BuildingBlocks\BuildingBlocks.UIComponents\BuildingBlocks.UIComponents.csproj", "{9D7BB350-54C3-9EAD-29E9-02BB15D2C78B}"
EndProject
Project("{FAE04EC0-301F-11D3-BF4B-00C04F79EFBC}") = "BlazorApp7.AppHost", "src\Aspire\BlazorApp7.AppHost\BlazorApp7.AppHost.csproj", "{444DAF15-8228-5762-F3B5-DE7D238E677A}"
EndProject
Project("{FAE04EC0-301F-11D3-BF4B-00C04F79EFBC}") = "BlazorApp7.ServiceDefaults", "src\Aspire\BlazorApp7.ServiceDefaults\BlazorApp7.ServiceDefaults.csproj", "{92209EA6-143C-E407-ECF2-C956B3BF417A}"
EndProject
Project("{2150E333-8FDC-42A3-9474-1A3956D46DE8}") = "BlazorApp", "BlazorApp", "{08A80FFC-4F9A-49A3-B3E3-4A063886668A}"
	ProjectSection(SolutionItems) = preProject
		src\BlazorApp7\Directory.Build.props = src\BlazorApp7\Directory.Build.props
	EndProjectSection
EndProject
Project("{FAE04EC0-301F-11D3-BF4B-00C04F79EFBC}") = "BlazorApp7.Domain", "src\BlazorApp\BlazorApp7.Domain\BlazorApp7.Domain.csproj", "{473A5CEB-A2EA-4BD3-BD63-C66ED5F5A636}"
EndProject
Project("{FAE04EC0-301F-11D3-BF4B-00C04F79EFBC}") = "BlazorApp7.Infrastructure", "src\BlazorApp\BlazorApp7.Infrastructure\BlazorApp7.Infrastructure.csproj", "{4E08FF70-C622-4035-B1E2-70A74DA39F09}"
EndProject
Project("{FAE04EC0-301F-11D3-BF4B-00C04F79EFBC}") = "BlazorApp7.Client", "src\BlazorApp\BlazorApp7.Client\BlazorApp7.Client.csproj", "{4E591E0E-0C9D-41E5-A609-8627FAE40FE4}"
EndProject
Project("{FAE04EC0-301F-11D3-BF4B-00C04F79EFBC}") = "BlazorApp7", "src\BlazorApp\BlazorApp7\BlazorApp7.csproj", "{AD81B1D7-5B74-4E14-8B1C-72DEB0561799}"
EndProject
Global
	GlobalSection(SolutionConfigurationPlatforms) = preSolution
		Debug|Any CPU = Debug|Any CPU
		Release|Any CPU = Release|Any CPU
	EndGlobalSection
	GlobalSection(ProjectConfigurationPlatforms) = postSolution
		{49A2FA1A-06D7-CA44-AA2F-C8F6B3547E6A}.Debug|Any CPU.ActiveCfg = Debug|Any CPU
		{49A2FA1A-06D7-CA44-AA2F-C8F6B3547E6A}.Debug|Any CPU.Build.0 = Debug|Any CPU
		{49A2FA1A-06D7-CA44-AA2F-C8F6B3547E6A}.Release|Any CPU.ActiveCfg = Release|Any CPU
		{49A2FA1A-06D7-CA44-AA2F-C8F6B3547E6A}.Release|Any CPU.Build.0 = Release|Any CPU
		{19FA082D-3B71-C5EE-E182-8780B7358D89}.Debug|Any CPU.ActiveCfg = Debug|Any CPU
		{19FA082D-3B71-C5EE-E182-8780B7358D89}.Debug|Any CPU.Build.0 = Debug|Any CPU
		{19FA082D-3B71-C5EE-E182-8780B7358D89}.Release|Any CPU.ActiveCfg = Release|Any CPU
		{19FA082D-3B71-C5EE-E182-8780B7358D89}.Release|Any CPU.Build.0 = Release|Any CPU
		{565AC163-7996-2370-4167-1518AE85BF1E}.Debug|Any CPU.ActiveCfg = Debug|Any CPU
		{565AC163-7996-2370-4167-1518AE85BF1E}.Debug|Any CPU.Build.0 = Debug|Any CPU
		{565AC163-7996-2370-4167-1518AE85BF1E}.Release|Any CPU.ActiveCfg = Release|Any CPU
		{565AC163-7996-2370-4167-1518AE85BF1E}.Release|Any CPU.Build.0 = Release|Any CPU
		{7B528784-93FE-87D5-E10C-6C5988DC14B1}.Debug|Any CPU.ActiveCfg = Debug|Any CPU
		{7B528784-93FE-87D5-E10C-6C5988DC14B1}.Debug|Any CPU.Build.0 = Debug|Any CPU
		{7B528784-93FE-87D5-E10C-6C5988DC14B1}.Release|Any CPU.ActiveCfg = Release|Any CPU
		{7B528784-93FE-87D5-E10C-6C5988DC14B1}.Release|Any CPU.Build.0 = Release|Any CPU
		{9D7BB350-54C3-9EAD-29E9-02BB15D2C78B}.Debug|Any CPU.ActiveCfg = Debug|Any CPU
		{9D7BB350-54C3-9EAD-29E9-02BB15D2C78B}.Debug|Any CPU.Build.0 = Debug|Any CPU
		{9D7BB350-54C3-9EAD-29E9-02BB15D2C78B}.Release|Any CPU.ActiveCfg = Release|Any CPU
		{9D7BB350-54C3-9EAD-29E9-02BB15D2C78B}.Release|Any CPU.Build.0 = Release|Any CPU
		{444DAF15-8228-5762-F3B5-DE7D238E677A}.Debug|Any CPU.ActiveCfg = Debug|Any CPU
		{444DAF15-8228-5762-F3B5-DE7D238E677A}.Debug|Any CPU.Build.0 = Debug|Any CPU
		{444DAF15-8228-5762-F3B5-DE7D238E677A}.Release|Any CPU.ActiveCfg = Release|Any CPU
		{444DAF15-8228-5762-F3B5-DE7D238E677A}.Release|Any CPU.Build.0 = Release|Any CPU
		{92209EA6-143C-E407-ECF2-C956B3BF417A}.Debug|Any CPU.ActiveCfg = Debug|Any CPU
		{92209EA6-143C-E407-ECF2-C956B3BF417A}.Debug|Any CPU.Build.0 = Debug|Any CPU
		{92209EA6-143C-E407-ECF2-C956B3BF417A}.Release|Any CPU.ActiveCfg = Release|Any CPU
		{92209EA6-143C-E407-ECF2-C956B3BF417A}.Release|Any CPU.Build.0 = Release|Any CPU
		{473A5CEB-A2EA-4BD3-BD63-C66ED5F5A636}.Debug|Any CPU.ActiveCfg = Debug|Any CPU
		{473A5CEB-A2EA-4BD3-BD63-C66ED5F5A636}.Debug|Any CPU.Build.0 = Debug|Any CPU
		{473A5CEB-A2EA-4BD3-BD63-C66ED5F5A636}.Release|Any CPU.ActiveCfg = Release|Any CPU
		{473A5CEB-A2EA-4BD3-BD63-C66ED5F5A636}.Release|Any CPU.Build.0 = Release|Any CPU
		{4E08FF70-C622-4035-B1E2-70A74DA39F09}.Debug|Any CPU.ActiveCfg = Debug|Any CPU
		{4E08FF70-C622-4035-B1E2-70A74DA39F09}.Debug|Any CPU.Build.0 = Debug|Any CPU
		{4E08FF70-C622-4035-B1E2-70A74DA39F09}.Release|Any CPU.ActiveCfg = Release|Any CPU
		{4E08FF70-C622-4035-B1E2-70A74DA39F09}.Release|Any CPU.Build.0 = Release|Any CPU
		{4E591E0E-0C9D-41E5-A609-8627FAE40FE4}.Debug|Any CPU.ActiveCfg = Debug|Any CPU
		{4E591E0E-0C9D-41E5-A609-8627FAE40FE4}.Debug|Any CPU.Build.0 = Debug|Any CPU
		{4E591E0E-0C9D-41E5-A609-8627FAE40FE4}.Release|Any CPU.ActiveCfg = Release|Any CPU
		{4E591E0E-0C9D-41E5-A609-8627FAE40FE4}.Release|Any CPU.Build.0 = Release|Any CPU
		{AD81B1D7-5B74-4E14-8B1C-72DEB0561799}.Debug|Any CPU.ActiveCfg = Debug|Any CPU
		{AD81B1D7-5B74-4E14-8B1C-72DEB0561799}.Debug|Any CPU.Build.0 = Debug|Any CPU
		{AD81B1D7-5B74-4E14-8B1C-72DEB0561799}.Release|Any CPU.ActiveCfg = Release|Any CPU
		{AD81B1D7-5B74-4E14-8B1C-72DEB0561799}.Release|Any CPU.Build.0 = Release|Any CPU
	EndGlobalSection
	GlobalSection(SolutionProperties) = preSolution
		HideSolutionNode = FALSE
	EndGlobalSection
	GlobalSection(NestedProjects) = preSolution
		{7929D09C-F1DE-496B-B00F-28449D8A0A57} = {02EA681E-C7D8-13C7-8484-4AC65E1B71E8}
		{49A2FA1A-06D7-CA44-AA2F-C8F6B3547E6A} = {7929D09C-F1DE-496B-B00F-28449D8A0A57}
		{19FA082D-3B71-C5EE-E182-8780B7358D89} = {7929D09C-F1DE-496B-B00F-28449D8A0A57}
		{565AC163-7996-2370-4167-1518AE85BF1E} = {7929D09C-F1DE-496B-B00F-28449D8A0A57}
		{7B528784-93FE-87D5-E10C-6C5988DC14B1} = {7929D09C-F1DE-496B-B00F-28449D8A0A57}
		{27D8332C-8CD9-4CCD-B037-85942563E3B6} = {02EA681E-C7D8-13C7-8484-4AC65E1B71E8}
		{9D7BB350-54C3-9EAD-29E9-02BB15D2C78B} = {7929D09C-F1DE-496B-B00F-28449D8A0A57}
		{444DAF15-8228-5762-F3B5-DE7D238E677A} = {27D8332C-8CD9-4CCD-B037-85942563E3B6}
		{92209EA6-143C-E407-ECF2-C956B3BF417A} = {27D8332C-8CD9-4CCD-B037-85942563E3B6}
		{08A80FFC-4F9A-49A3-B3E3-4A063886668A} = {02EA681E-C7D8-13C7-8484-4AC65E1B71E8}
		{473A5CEB-A2EA-4BD3-BD63-C66ED5F5A636} = {08A80FFC-4F9A-49A3-B3E3-4A063886668A}
		{4E08FF70-C622-4035-B1E2-70A74DA39F09} = {08A80FFC-4F9A-49A3-B3E3-4A063886668A}
		{4E591E0E-0C9D-41E5-A609-8627FAE40FE4} = {08A80FFC-4F9A-49A3-B3E3-4A063886668A}
		{AD81B1D7-5B74-4E14-8B1C-72DEB0561799} = {08A80FFC-4F9A-49A3-B3E3-4A063886668A}
	EndGlobalSection
	GlobalSection(ExtensibilityGlobals) = postSolution
		SolutionGuid = {673F537B-C986-4387-92D5-614DABC7F9E8}
	EndGlobalSection
EndGlobal
